
Microsoft Visual Studio Solution File, Format Version 12.00
# Visual Studio Version 17
VisualStudioVersion = 17.11.35327.3
MinimumVisualStudioVersion = 10.0.40219.1
Project("{FAE04EC0-301F-11D3-BF4B-00C04F79EFBC}") = "LaundryDormApi", "LaundryDormApi\LaundryDormApi.csproj", "{D1543866-A7F8-49F0-8148-1090F24C89AF}"
EndProject
Project("{E53339B2-1760-4266-BCC7-CA923CBCF16C}") = "docker-compose", "docker-compose.dcproj", "{9AD90840-E63E-4DA3-ADF5-C98B9B54F149}"
EndProject
Global
	GlobalSection(SolutionConfigurationPlatforms) = preSolution
		Debug|Any CPU = Debug|Any CPU
		Release|Any CPU = Release|Any CPU
	EndGlobalSection
	GlobalSection(ProjectConfigurationPlatforms) = postSolution
		{D1543866-A7F8-49F0-8148-1090F24C89AF}.Debug|Any CPU.ActiveCfg = Debug|Any CPU
		{D1543866-A7F8-49F0-8148-1090F24C89AF}.Debug|Any CPU.Build.0 = Debug|Any CPU
		{D1543866-A7F8-49F0-8148-1090F24C89AF}.Release|Any CPU.ActiveCfg = Release|Any CPU
		{D1543866-A7F8-49F0-8148-1090F24C89AF}.Release|Any CPU.Build.0 = Release|Any CPU
		{9AD90840-E63E-4DA3-ADF5-C98B9B54F149}.Debug|Any CPU.ActiveCfg = Debug|Any CPU
		{9AD90840-E63E-4DA3-ADF5-C98B9B54F149}.Debug|Any CPU.Build.0 = Debug|Any CPU
		{9AD90840-E63E-4DA3-ADF5-C98B9B54F149}.Release|Any CPU.ActiveCfg = Release|Any CPU
		{9AD90840-E63E-4DA3-ADF5-C98B9B54F149}.Release|Any CPU.Build.0 = Release|Any CPU
	EndGlobalSection
	GlobalSection(SolutionProperties) = preSolution
		HideSolutionNode = FALSE
	EndGlobalSection
	GlobalSection(ExtensibilityGlobals) = postSolution
		SolutionGuid = {CEB250E0-7275-411F-91AD-2A63495B8D6A}
	EndGlobalSection
EndGlobal
